
Microsoft Visual Studio Solution File, Format Version 12.00
# Visual Studio Version 16
VisualStudioVersion = 16.0.29728.190
MinimumVisualStudioVersion = 10.0.40219.1
Project("{FAE04EC0-301F-11D3-BF4B-00C04F79EFBC}") = "Moviewer", "Moviewer\Moviewer.csproj", "{0B996255-3659-4A8B-ACBE-D7672A364FA2}"
EndProject
Project("{9A19103F-16F7-4668-BE54-9A1E7A4F7556}") = "Moviewer.Styling", "MovieApp.Styling\Moviewer.Styling.csproj", "{F2AE9AB2-2313-42B7-8D8E-41EC0FEE06A2}"
EndProject
Global
	GlobalSection(SolutionConfigurationPlatforms) = preSolution
		Debug|Any CPU = Debug|Any CPU
		Release|Any CPU = Release|Any CPU
	EndGlobalSection
	GlobalSection(ProjectConfigurationPlatforms) = postSolution
		{0B996255-3659-4A8B-ACBE-D7672A364FA2}.Debug|Any CPU.ActiveCfg = Debug|Any CPU
		{0B996255-3659-4A8B-ACBE-D7672A364FA2}.Debug|Any CPU.Build.0 = Debug|Any CPU
		{0B996255-3659-4A8B-ACBE-D7672A364FA2}.Release|Any CPU.ActiveCfg = Release|Any CPU
		{0B996255-3659-4A8B-ACBE-D7672A364FA2}.Release|Any CPU.Build.0 = Release|Any CPU
		{F2AE9AB2-2313-42B7-8D8E-41EC0FEE06A2}.Debug|Any CPU.ActiveCfg = Debug|Any CPU
		{F2AE9AB2-2313-42B7-8D8E-41EC0FEE06A2}.Debug|Any CPU.Build.0 = Debug|Any CPU
		{F2AE9AB2-2313-42B7-8D8E-41EC0FEE06A2}.Release|Any CPU.ActiveCfg = Release|Any CPU
		{F2AE9AB2-2313-42B7-8D8E-41EC0FEE06A2}.Release|Any CPU.Build.0 = Release|Any CPU
	EndGlobalSection
	GlobalSection(SolutionProperties) = preSolution
		HideSolutionNode = FALSE
	EndGlobalSection
	GlobalSection(ExtensibilityGlobals) = postSolution
		SolutionGuid = {3741E963-5CB3-4B60-83C3-0E53FC6242C4}
	EndGlobalSection
EndGlobal
